
Microsoft Visual Studio Solution File, Format Version 12.00
# Visual Studio 15
VisualStudioVersion = 15.0.28307.572
MinimumVisualStudioVersion = 10.0.40219.1
Project("{9A19103F-16F7-4668-BE54-9A1E7A4F7556}") = "ASPToep", "WebApplication2\ASPToep.csproj", "{53FDC23D-29B6-4FFA-8FD1-C8E6BB37EF8D}"
EndProject
Project("{FAE04EC0-301F-11D3-BF4B-00C04F79EFBC}") = "Exceptions", "Exceptions\Exceptions.csproj", "{B71C347F-CCA0-4BBA-8283-A9876B19A476}"
EndProject
Project("{FAE04EC0-301F-11D3-BF4B-00C04F79EFBC}") = "Dal", "DalNew\Dal.csproj", "{F3B1C2FE-61D3-44BB-AA1A-32B75B296E0F}"
EndProject
Project("{FAE04EC0-301F-11D3-BF4B-00C04F79EFBC}") = "Logic", "LogicNew\Logic.csproj", "{C36B068A-1C1E-43C1-80AA-A3228689E37D}"
EndProject
Project("{FAE04EC0-301F-11D3-BF4B-00C04F79EFBC}") = "Model", "ModelNew\Model.csproj", "{0D292C0B-C7E5-4D49-9DAF-CAE5A3D99869}"
EndProject
Global
	GlobalSection(SolutionConfigurationPlatforms) = preSolution
		Debug|Any CPU = Debug|Any CPU
		Release|Any CPU = Release|Any CPU
	EndGlobalSection
	GlobalSection(ProjectConfigurationPlatforms) = postSolution
		{53FDC23D-29B6-4FFA-8FD1-C8E6BB37EF8D}.Debug|Any CPU.ActiveCfg = Debug|Any CPU
		{53FDC23D-29B6-4FFA-8FD1-C8E6BB37EF8D}.Debug|Any CPU.Build.0 = Debug|Any CPU
		{53FDC23D-29B6-4FFA-8FD1-C8E6BB37EF8D}.Release|Any CPU.ActiveCfg = Release|Any CPU
		{53FDC23D-29B6-4FFA-8FD1-C8E6BB37EF8D}.Release|Any CPU.Build.0 = Release|Any CPU
		{B71C347F-CCA0-4BBA-8283-A9876B19A476}.Debug|Any CPU.ActiveCfg = Debug|Any CPU
		{B71C347F-CCA0-4BBA-8283-A9876B19A476}.Debug|Any CPU.Build.0 = Debug|Any CPU
		{B71C347F-CCA0-4BBA-8283-A9876B19A476}.Release|Any CPU.ActiveCfg = Release|Any CPU
		{B71C347F-CCA0-4BBA-8283-A9876B19A476}.Release|Any CPU.Build.0 = Release|Any CPU
		{F3B1C2FE-61D3-44BB-AA1A-32B75B296E0F}.Debug|Any CPU.ActiveCfg = Debug|Any CPU
		{F3B1C2FE-61D3-44BB-AA1A-32B75B296E0F}.Debug|Any CPU.Build.0 = Debug|Any CPU
		{F3B1C2FE-61D3-44BB-AA1A-32B75B296E0F}.Release|Any CPU.ActiveCfg = Release|Any CPU
		{F3B1C2FE-61D3-44BB-AA1A-32B75B296E0F}.Release|Any CPU.Build.0 = Release|Any CPU
		{C36B068A-1C1E-43C1-80AA-A3228689E37D}.Debug|Any CPU.ActiveCfg = Debug|Any CPU
		{C36B068A-1C1E-43C1-80AA-A3228689E37D}.Debug|Any CPU.Build.0 = Debug|Any CPU
		{C36B068A-1C1E-43C1-80AA-A3228689E37D}.Release|Any CPU.ActiveCfg = Release|Any CPU
		{C36B068A-1C1E-43C1-80AA-A3228689E37D}.Release|Any CPU.Build.0 = Release|Any CPU
		{0D292C0B-C7E5-4D49-9DAF-CAE5A3D99869}.Debug|Any CPU.ActiveCfg = Debug|Any CPU
		{0D292C0B-C7E5-4D49-9DAF-CAE5A3D99869}.Debug|Any CPU.Build.0 = Debug|Any CPU
		{0D292C0B-C7E5-4D49-9DAF-CAE5A3D99869}.Release|Any CPU.ActiveCfg = Release|Any CPU
		{0D292C0B-C7E5-4D49-9DAF-CAE5A3D99869}.Release|Any CPU.Build.0 = Release|Any CPU
	EndGlobalSection
	GlobalSection(SolutionProperties) = preSolution
		HideSolutionNode = FALSE
	EndGlobalSection
	GlobalSection(ExtensibilityGlobals) = postSolution
		SolutionGuid = {C1E31276-C597-4B3F-9CF9-714F54F6FE74}
	EndGlobalSection
EndGlobal
